version = 1
revision = 1
requires-python = ">=3.12"

[[package]]
name = "cachetools"
version = "5.5.2"
source = { registry = "https://pypi.org/simple" }
sdist = { url = "https://files.pythonhosted.org/packages/6c/81/3747dad6b14fa2cf53fcf10548cf5aea6913e96fab41a3c198676f8948a5/cachetools-5.5.2.tar.gz", hash = "sha256:1a661caa9175d26759571b2e19580f9d6393969e5dfca11fdb1f947a23e640d4", size = 28380 }
wheels = [
    { url = "https://files.pythonhosted.org/packages/72/76/20fa66124dbe6be5cafeb312ece67de6b61dd91a0247d1ea13db4ebb33c2/cachetools-5.5.2-py3-none-any.whl", hash = "sha256:d26a22bcc62eb95c3beabd9f1ee5e820d3d2704fe2967cbe350e20c8ffcd3f0a", size = 10080 },
]

[[package]]
name = "dataclasses"
version = "0.8"
source = { registry = "https://pypi.org/simple" }
sdist = { url = "https://files.pythonhosted.org/packages/1f/12/7919c5d8b9c497f9180db15ea8ead6499812ea8264a6ae18766d93c59fe5/dataclasses-0.8.tar.gz", hash = "sha256:8479067f342acf957dc82ec415d355ab5edb7e7646b90dc6e2fd1d96ad084c97", size = 36581 }
wheels = [
    { url = "https://files.pythonhosted.org/packages/fe/ca/75fac5856ab5cfa51bbbcefa250182e50441074fdc3f803f6e76451fab43/dataclasses-0.8-py3-none-any.whl", hash = "sha256:0201d89fa866f68c8ebd9d08ee6ff50c0b255f8ec63a71c16fda7af82bb887bf", size = 19041 },
]

[[package]]
name = "gke"
version = "0.1.0"
source = { virtual = "." }
dependencies = [
    { name = "dataclasses" },
    { name = "google-auth" },
    { name = "google-cloud" },
    { name = "redis" },
    { name = "typing" },
]

[package.metadata]
requires-dist = [
    { name = "dataclasses", specifier = ">=0.8" },
    { name = "google-auth", specifier = ">=2.39.0" },
    { name = "google-cloud", specifier = ">=0.34.0" },
    { name = "redis", specifier = ">=6.0.0" },
    { name = "typing", specifier = ">=3.10.0.0" },
]

[[package]]
name = "google-auth"
version = "2.39.0"
source = { registry = "https://pypi.org/simple" }
dependencies = [
    { name = "cachetools" },
    { name = "pyasn1-modules" },
    { name = "rsa" },
]
sdist = { url = "https://files.pythonhosted.org/packages/cb/8e/8f45c9a32f73e786e954b8f9761c61422955d23c45d1e8c347f9b4b59e8e/google_auth-2.39.0.tar.gz", hash = "sha256:73222d43cdc35a3aeacbfdcaf73142a97839f10de930550d89ebfe1d0a00cde7", size = 274834 }
wheels = [
    { url = "https://files.pythonhosted.org/packages/ce/12/ad37a1ef86006d0a0117fc06a4a00bd461c775356b534b425f00dde208ea/google_auth-2.39.0-py2.py3-none-any.whl", hash = "sha256:0150b6711e97fb9f52fe599f55648950cc4540015565d8fbb31be2ad6e1548a2", size = 212319 },
]

[[package]]
name = "google-cloud"
version = "0.34.0"
source = { registry = "https://pypi.org/simple" }
sdist = { url = "https://files.pythonhosted.org/packages/47/0e/8bf108fa9e3e036fe37a86598f1315e7b8de90b89012fd65704dc30ac6ad/google-cloud-0.34.0.tar.gz", hash = "sha256:01430187cf56df10a9ba775dd547393185d4b40741db0ea5889301f8e7a9d5d3", size = 2514 }
wheels = [
    { url = "https://files.pythonhosted.org/packages/ba/b1/7c54d1950e7808df06642274e677dbcedba57f75307adf2e5ad8d39e5e0e/google_cloud-0.34.0-py2.py3-none-any.whl", hash = "sha256:fb1ab7b0548fe44b3d538041f0a374505b7f990d448a935ea36649c5ccab5acf", size = 1839 },
]

[[package]]
name = "pyasn1"
version = "0.6.1"
source = { registry = "https://pypi.org/simple" }
sdist = { url = "https://files.pythonhosted.org/packages/ba/e9/01f1a64245b89f039897cb0130016d79f77d52669aae6ee7b159a6c4c018/pyasn1-0.6.1.tar.gz", hash = "sha256:6f580d2bdd84365380830acf45550f2511469f673cb4a5ae3857a3170128b034", size = 145322 }
wheels = [
    { url = "https://files.pythonhosted.org/packages/c8/f1/d6a797abb14f6283c0ddff96bbdd46937f64122b8c925cab503dd37f8214/pyasn1-0.6.1-py3-none-any.whl", hash = "sha256:0d632f46f2ba09143da3a8afe9e33fb6f92fa2320ab7e886e2d0f7672af84629", size = 83135 },
]

[[package]]
name = "pyasn1-modules"
version = "0.4.2"
source = { registry = "https://pypi.org/simple" }
dependencies = [
    { name = "pyasn1" },
]
sdist = { url = "https://files.pythonhosted.org/packages/e9/e6/78ebbb10a8c8e4b61a59249394a4a594c1a7af95593dc933a349c8d00964/pyasn1_modules-0.4.2.tar.gz", hash = "sha256:677091de870a80aae844b1ca6134f54652fa2c8c5a52aa396440ac3106e941e6", size = 307892 }
wheels = [
    { url = "https://files.pythonhosted.org/packages/47/8d/d529b5d697919ba8c11ad626e835d4039be708a35b0d22de83a269a6682c/pyasn1_modules-0.4.2-py3-none-any.whl", hash = "sha256:29253a9207ce32b64c3ac6600edc75368f98473906e8fd1043bd6b5b1de2c14a", size = 181259 },
]

[[package]]
name = "redis"
version = "6.0.0"
source = { registry = "https://pypi.org/simple" }
sdist = { url = "https://files.pythonhosted.org/packages/79/12/dffaaa4374b8d5f3b7ff5c40025c9db387e06264302d5a9da6043cd84e1f/redis-6.0.0.tar.gz", hash = "sha256:5446780d2425b787ed89c91ddbfa1be6d32370a636c8fdb687f11b1c26c1fa88", size = 4620969 }
wheels = [
    { url = "https://files.pythonhosted.org/packages/08/c8/68081c9d3531f7b2a4d663326b96a9dcbc2aef47df3c6b5c38dea90dff02/redis-6.0.0-py3-none-any.whl", hash = "sha256:a2e040aee2cdd947be1fa3a32e35a956cd839cc4c1dbbe4b2cdee5b9623fd27c", size = 268950 },
]

[[package]]
name = "rsa"
version = "4.9.1"
source = { registry = "https://pypi.org/simple" }
dependencies = [
    { name = "pyasn1" },
]
sdist = { url = "https://files.pythonhosted.org/packages/da/8a/22b7beea3ee0d44b1916c0c1cb0ee3af23b700b6da9f04991899d0c555d4/rsa-4.9.1.tar.gz", hash = "sha256:e7bdbfdb5497da4c07dfd35530e1a902659db6ff241e39d9953cad06ebd0ae75", size = 29034 }
wheels = [
    { url = "https://files.pythonhosted.org/packages/64/8d/0133e4eb4beed9e425d9a98ed6e081a55d195481b7632472be1af08d2f6b/rsa-4.9.1-py3-none-any.whl", hash = "sha256:68635866661c6836b8d39430f97a996acbd61bfa49406748ea243539fe239762", size = 34696 },
]

[[package]]
name = "typing"
version = "3.10.0.0"
source = { registry = "https://pypi.org/simple" }
sdist = { url = "https://files.pythonhosted.org/packages/b0/1b/835d4431805939d2996f8772aca1d2313a57e8860fec0e48e8e7dfe3a477/typing-3.10.0.0.tar.gz", hash = "sha256:13b4ad211f54ddbf93e5901a9967b1e07720c1d1b78d596ac6a439641aa1b130", size = 78962 }
wheels = [
    { url = "https://files.pythonhosted.org/packages/f2/5d/865e17349564eb1772688d8afc5e3081a5964c640d64d1d2880ebaed002d/typing-3.10.0.0-py3-none-any.whl", hash = "sha256:12fbdfbe7d6cca1a42e485229afcb0b0c8259258cfb919b8a5e2a5c953742f89", size = 26320 },
]
